
Microsoft Visual Studio Solution File, Format Version 12.00
# Visual Studio Version 17
VisualStudioVersion = 17.8.34309.116
MinimumVisualStudioVersion = 10.0.40219.1
Project("{FAE04EC0-301F-11D3-BF4B-00C04F79EFBC}") = "BTTH03", "BTTH03\BTTH03.csproj", "{352DD041-1E29-47ED-A16E-01DBA301302E}"
EndProject
Global
	GlobalSection(SolutionConfigurationPlatforms) = preSolution
		Debug|Any CPU = Debug|Any CPU
		Release|Any CPU = Release|Any CPU
	EndGlobalSection
	GlobalSection(ProjectConfigurationPlatforms) = postSolution
		{352DD041-1E29-47ED-A16E-01DBA301302E}.Debug|Any CPU.ActiveCfg = Debug|Any CPU
		{352DD041-1E29-47ED-A16E-01DBA301302E}.Debug|Any CPU.Build.0 = Debug|Any CPU
		{352DD041-1E29-47ED-A16E-01DBA301302E}.Release|Any CPU.ActiveCfg = Release|Any CPU
		{352DD041-1E29-47ED-A16E-01DBA301302E}.Release|Any CPU.Build.0 = Release|Any CPU
	EndGlobalSection
	GlobalSection(SolutionProperties) = preSolution
		HideSolutionNode = FALSE
	EndGlobalSection
	GlobalSection(ExtensibilityGlobals) = postSolution
		SolutionGuid = {7F9F0C3A-69BE-4C54-A87A-7D6581A9CE35}
	EndGlobalSection
EndGlobal
